{
  "version": "4",
  "specifiers": {
    "npm:zod-to-json-schema@3.25.0": "3.25.0_zod@4.3.5",
    "npm:zod@4.3.5": "4.3.5"
  },
  "npm": {
    "zod-to-json-schema@3.25.0_zod@4.3.5": {
      "integrity": "sha512-HvWtU2UG41LALjajJrML6uQejQhNJx+JBO9IflpSja4R03iNWfKXrj6W2h7ljuLyc1nKS+9yDyL/9tD1U/yBnQ==",
      "dependencies": [
        "zod"
      ]
    },
    "zod@4.3.5": {
      "integrity": "sha512-k7Nwx6vuWx1IJ9Bjuf4Zt1PEllcwe7cls3VNzm4CQ1/hgtFUK2bRNG3rvnpPUhFjmqJKAKtjV576KnUkHocg/g=="
    }
  },
  "workspace": {
    "packageJson": {
      "dependencies": [
        "npm:zod-to-json-schema@3.25.0",
        "npm:zod@4.3.5"
      ]
    }
  }
}
